
Microsoft Visual Studio Solution File, Format Version 12.00
Project("{FAE04EC0-301F-11D3-BF4B-00C04F79EFBC}") = "Domain", "Domain\Domain.csproj", "{9E4E6945-52D4-45F0-80C0-152EE4C2F2F1}"
EndProject
Project("{FAE04EC0-301F-11D3-BF4B-00C04F79EFBC}") = "Web.API", "Web.API\Web.API.csproj", "{618C2364-F36E-4AF5-A3F9-FB8F97C601CB}"
EndProject
Project("{FAE04EC0-301F-11D3-BF4B-00C04F79EFBC}") = "Application.API", "Application.API\Application.API.csproj", "{CBC0C283-214A-432F-995E-E7CB7FD2B2D1}"
EndProject
Project("{2150E333-8FDC-42A3-9474-1A3956D46DE8}") = "Infrastructure", "Infrastructure", "{84294DCA-19D4-48C2-891B-EF63B3C42863}"
EndProject
Project("{FAE04EC0-301F-11D3-BF4B-00C04F79EFBC}") = "Infrastructure.Messaging", "Infrastructure.Messaging\Infrastructure.Messaging.csproj", "{1246059F-C345-4E1C-8CA4-1A9EB9F7E353}"
EndProject
Project("{FAE04EC0-301F-11D3-BF4B-00C04F79EFBC}") = "Infrastructure.AppSettings", "Infrastructure.AppSettings\Infrastructure.AppSettings.csproj", "{0018F533-39A9-4A77-89F7-0382D0FADE52}"
EndProject
Project("{FAE04EC0-301F-11D3-BF4B-00C04F79EFBC}") = "Infrastructure.Persistence", "Infrastructure.Persistence\Infrastructure.Persistence.csproj", "{0C94AE30-8ED7-4FFB-BC66-DDD7C70675DE}"
EndProject
Project("{FAE04EC0-301F-11D3-BF4B-00C04F79EFBC}") = "Infrastructure.Storage", "Infrastructure.Storage\Infrastructure.Storage.csproj", "{B0B4A533-E350-4B53-9F6F-C91BD9AD020A}"
EndProject
Project("{FAE04EC0-301F-11D3-BF4B-00C04F79EFBC}") = "Infrastructure.Services", "Infrastructure.Services\Infrastructure.Services.csproj", "{02B04DA8-16AD-4DE9-813A-FA67B6F5400E}"
EndProject
Project("{FAE04EC0-301F-11D3-BF4B-00C04F79EFBC}") = "Infrastructure.Logging", "Infrastructure.Logging\Infrastructure.Logging.csproj", "{C908AE7F-5488-42F7-A918-11FC2F6A0F11}"
EndProject
Project("{2150E333-8FDC-42A3-9474-1A3956D46DE8}") = "Domain", "Domain", "{09A6857D-25A4-4F5E-83EA-4B4C2B29A8BC}"
EndProject
Project("{2150E333-8FDC-42A3-9474-1A3956D46DE8}") = "Web", "Web", "{9FA37922-951E-4C52-A410-8FF16048AB4C}"
EndProject
Project("{2150E333-8FDC-42A3-9474-1A3956D46DE8}") = "Application", "Application", "{CB374A72-8DE0-4E8A-9F74-704F377A4183}"
EndProject
Global
	GlobalSection(SolutionConfigurationPlatforms) = preSolution
		Debug|Any CPU = Debug|Any CPU
		Release|Any CPU = Release|Any CPU
	EndGlobalSection
	GlobalSection(ProjectConfigurationPlatforms) = postSolution
		{9E4E6945-52D4-45F0-80C0-152EE4C2F2F1}.Debug|Any CPU.ActiveCfg = Debug|Any CPU
		{9E4E6945-52D4-45F0-80C0-152EE4C2F2F1}.Debug|Any CPU.Build.0 = Debug|Any CPU
		{9E4E6945-52D4-45F0-80C0-152EE4C2F2F1}.Release|Any CPU.ActiveCfg = Release|Any CPU
		{9E4E6945-52D4-45F0-80C0-152EE4C2F2F1}.Release|Any CPU.Build.0 = Release|Any CPU
		{618C2364-F36E-4AF5-A3F9-FB8F97C601CB}.Debug|Any CPU.ActiveCfg = Debug|Any CPU
		{618C2364-F36E-4AF5-A3F9-FB8F97C601CB}.Debug|Any CPU.Build.0 = Debug|Any CPU
		{618C2364-F36E-4AF5-A3F9-FB8F97C601CB}.Release|Any CPU.ActiveCfg = Release|Any CPU
		{618C2364-F36E-4AF5-A3F9-FB8F97C601CB}.Release|Any CPU.Build.0 = Release|Any CPU
		{CBC0C283-214A-432F-995E-E7CB7FD2B2D1}.Debug|Any CPU.ActiveCfg = Debug|Any CPU
		{CBC0C283-214A-432F-995E-E7CB7FD2B2D1}.Debug|Any CPU.Build.0 = Debug|Any CPU
		{CBC0C283-214A-432F-995E-E7CB7FD2B2D1}.Release|Any CPU.ActiveCfg = Release|Any CPU
		{CBC0C283-214A-432F-995E-E7CB7FD2B2D1}.Release|Any CPU.Build.0 = Release|Any CPU
		{1246059F-C345-4E1C-8CA4-1A9EB9F7E353}.Debug|Any CPU.ActiveCfg = Debug|Any CPU
		{1246059F-C345-4E1C-8CA4-1A9EB9F7E353}.Debug|Any CPU.Build.0 = Debug|Any CPU
		{1246059F-C345-4E1C-8CA4-1A9EB9F7E353}.Release|Any CPU.ActiveCfg = Release|Any CPU
		{1246059F-C345-4E1C-8CA4-1A9EB9F7E353}.Release|Any CPU.Build.0 = Release|Any CPU
		{0018F533-39A9-4A77-89F7-0382D0FADE52}.Debug|Any CPU.ActiveCfg = Debug|Any CPU
		{0018F533-39A9-4A77-89F7-0382D0FADE52}.Debug|Any CPU.Build.0 = Debug|Any CPU
		{0018F533-39A9-4A77-89F7-0382D0FADE52}.Release|Any CPU.ActiveCfg = Release|Any CPU
		{0018F533-39A9-4A77-89F7-0382D0FADE52}.Release|Any CPU.Build.0 = Release|Any CPU
		{0C94AE30-8ED7-4FFB-BC66-DDD7C70675DE}.Debug|Any CPU.ActiveCfg = Debug|Any CPU
		{0C94AE30-8ED7-4FFB-BC66-DDD7C70675DE}.Debug|Any CPU.Build.0 = Debug|Any CPU
		{0C94AE30-8ED7-4FFB-BC66-DDD7C70675DE}.Release|Any CPU.ActiveCfg = Release|Any CPU
		{0C94AE30-8ED7-4FFB-BC66-DDD7C70675DE}.Release|Any CPU.Build.0 = Release|Any CPU
		{B0B4A533-E350-4B53-9F6F-C91BD9AD020A}.Debug|Any CPU.ActiveCfg = Debug|Any CPU
		{B0B4A533-E350-4B53-9F6F-C91BD9AD020A}.Debug|Any CPU.Build.0 = Debug|Any CPU
		{B0B4A533-E350-4B53-9F6F-C91BD9AD020A}.Release|Any CPU.ActiveCfg = Release|Any CPU
		{B0B4A533-E350-4B53-9F6F-C91BD9AD020A}.Release|Any CPU.Build.0 = Release|Any CPU
		{02B04DA8-16AD-4DE9-813A-FA67B6F5400E}.Debug|Any CPU.ActiveCfg = Debug|Any CPU
		{02B04DA8-16AD-4DE9-813A-FA67B6F5400E}.Debug|Any CPU.Build.0 = Debug|Any CPU
		{02B04DA8-16AD-4DE9-813A-FA67B6F5400E}.Release|Any CPU.ActiveCfg = Release|Any CPU
		{02B04DA8-16AD-4DE9-813A-FA67B6F5400E}.Release|Any CPU.Build.0 = Release|Any CPU
		{C908AE7F-5488-42F7-A918-11FC2F6A0F11}.Debug|Any CPU.ActiveCfg = Debug|Any CPU
		{C908AE7F-5488-42F7-A918-11FC2F6A0F11}.Debug|Any CPU.Build.0 = Debug|Any CPU
		{C908AE7F-5488-42F7-A918-11FC2F6A0F11}.Release|Any CPU.ActiveCfg = Release|Any CPU
		{C908AE7F-5488-42F7-A918-11FC2F6A0F11}.Release|Any CPU.Build.0 = Release|Any CPU
	EndGlobalSection
	GlobalSection(NestedProjects) = preSolution
		{1246059F-C345-4E1C-8CA4-1A9EB9F7E353} = {84294DCA-19D4-48C2-891B-EF63B3C42863}
		{0018F533-39A9-4A77-89F7-0382D0FADE52} = {84294DCA-19D4-48C2-891B-EF63B3C42863}
		{0C94AE30-8ED7-4FFB-BC66-DDD7C70675DE} = {84294DCA-19D4-48C2-891B-EF63B3C42863}
		{B0B4A533-E350-4B53-9F6F-C91BD9AD020A} = {84294DCA-19D4-48C2-891B-EF63B3C42863}
		{02B04DA8-16AD-4DE9-813A-FA67B6F5400E} = {84294DCA-19D4-48C2-891B-EF63B3C42863}
		{C908AE7F-5488-42F7-A918-11FC2F6A0F11} = {84294DCA-19D4-48C2-891B-EF63B3C42863}
		{9E4E6945-52D4-45F0-80C0-152EE4C2F2F1} = {09A6857D-25A4-4F5E-83EA-4B4C2B29A8BC}
		{618C2364-F36E-4AF5-A3F9-FB8F97C601CB} = {9FA37922-951E-4C52-A410-8FF16048AB4C}
		{CBC0C283-214A-432F-995E-E7CB7FD2B2D1} = {CB374A72-8DE0-4E8A-9F74-704F377A4183}
	EndGlobalSection
EndGlobal
